
Microsoft Visual Studio Solution File, Format Version 12.00
Project("{2150E333-8FDC-42A3-9474-1A3956D46DE8}") = "src", "src", "{8EDC0130-273A-42D1-BE90-91152A4A6BD9}"
EndProject
Project("{2150E333-8FDC-42A3-9474-1A3956D46DE8}") = "test", "test", "{2F00C85F-0BB7-4767-9770-834ABED89912}"
EndProject
Project("{FAE04EC0-301F-11D3-BF4B-00C04F79EFBC}") = "Conaprole.Orders.Domain", "src\Conaprole.Orders.Domain\Conaprole.Orders.Domain.csproj", "{635BC69C-C648-4ACD-B807-BD9310A59EE8}"
EndProject
Project("{FAE04EC0-301F-11D3-BF4B-00C04F79EFBC}") = "Conaprole.Orders.Application", "src\Conaprole.Orders.Application\Conaprole.Orders.Application.csproj", "{0119C35F-EF26-4B64-9C31-D0DB47A4D194}"
EndProject
Project("{FAE04EC0-301F-11D3-BF4B-00C04F79EFBC}") = "Conaprole.Orders.Infrastructure", "src\Conaprole.Orders.Infrastructure\Conaprole.Orders.Infrastructure.csproj", "{BAB5AF56-6ED5-4181-9982-04DA65625E92}"
EndProject
Project("{2150E333-8FDC-42A3-9474-1A3956D46DE8}") = "Solution Items", "Solution Items", "{22559887-4755-46B8-A4A6-68CCD186AEF6}"
	ProjectSection(SolutionItems) = preProject
		docker-compose.yaml = docker-compose.yaml
	EndProjectSection
EndProject
Project("{FAE04EC0-301F-11D3-BF4B-00C04F79EFBC}") = "Conaprole.Orders.Api", "src\Conaprole.Orders.Api\Conaprole.Orders.Api.csproj", "{53A0F2A3-DEB1-4E7F-BB67-0425B27E8AFE}"
EndProject
Project("{FAE04EC0-301F-11D3-BF4B-00C04F79EFBC}") = "Conaprole.Orders.Domain.UnitTests", "test\Conaprole.Orders.Domain.UnitTests\Conaprole.Orders.Domain.UnitTests.csproj", "{24BBEC65-10A5-4C35-BE6B-FA345D610FBC}"
EndProject
Project("{FAE04EC0-301F-11D3-BF4B-00C04F79EFBC}") = "Conaprole.Orders.Application.UnitTests", "test\Conaprole.Orders.Application.UnitTests\Conaprole.Orders.Application.UnitTests.csproj", "{9BCC00E7-1733-4975-8417-8354943E0F1A}"
EndProject
Project("{FAE04EC0-301F-11D3-BF4B-00C04F79EFBC}") = "Conaprole.Orders.Application.IntegrationTests", "test\Conaprole.Orders.Application.IntegrationTests\Conaprole.Orders.Application.IntegrationTests.csproj", "{E542F868-A8A9-4B08-95C2-F081EF7D0872}"
EndProject
Project("{FAE04EC0-301F-11D3-BF4B-00C04F79EFBC}") = "Conaprole.Orders.Api.FunctionalTests", "test\Conaprole.Orders.Api.FunctionalTests\Conaprole.Orders.Api.FunctionalTests.csproj", "{F9942DFF-8584-4685-B4C1-60D55C2D5696}"
EndProject
Global
	GlobalSection(SolutionConfigurationPlatforms) = preSolution
		Debug|Any CPU = Debug|Any CPU
		Release|Any CPU = Release|Any CPU
	EndGlobalSection
	GlobalSection(ProjectConfigurationPlatforms) = postSolution
		{635BC69C-C648-4ACD-B807-BD9310A59EE8}.Debug|Any CPU.ActiveCfg = Debug|Any CPU
		{635BC69C-C648-4ACD-B807-BD9310A59EE8}.Debug|Any CPU.Build.0 = Debug|Any CPU
		{635BC69C-C648-4ACD-B807-BD9310A59EE8}.Release|Any CPU.ActiveCfg = Release|Any CPU
		{635BC69C-C648-4ACD-B807-BD9310A59EE8}.Release|Any CPU.Build.0 = Release|Any CPU
		{0119C35F-EF26-4B64-9C31-D0DB47A4D194}.Debug|Any CPU.ActiveCfg = Debug|Any CPU
		{0119C35F-EF26-4B64-9C31-D0DB47A4D194}.Debug|Any CPU.Build.0 = Debug|Any CPU
		{0119C35F-EF26-4B64-9C31-D0DB47A4D194}.Release|Any CPU.ActiveCfg = Release|Any CPU
		{0119C35F-EF26-4B64-9C31-D0DB47A4D194}.Release|Any CPU.Build.0 = Release|Any CPU
		{BAB5AF56-6ED5-4181-9982-04DA65625E92}.Debug|Any CPU.ActiveCfg = Debug|Any CPU
		{BAB5AF56-6ED5-4181-9982-04DA65625E92}.Debug|Any CPU.Build.0 = Debug|Any CPU
		{BAB5AF56-6ED5-4181-9982-04DA65625E92}.Release|Any CPU.ActiveCfg = Release|Any CPU
		{BAB5AF56-6ED5-4181-9982-04DA65625E92}.Release|Any CPU.Build.0 = Release|Any CPU
		{53A0F2A3-DEB1-4E7F-BB67-0425B27E8AFE}.Debug|Any CPU.ActiveCfg = Debug|Any CPU
		{53A0F2A3-DEB1-4E7F-BB67-0425B27E8AFE}.Debug|Any CPU.Build.0 = Debug|Any CPU
		{53A0F2A3-DEB1-4E7F-BB67-0425B27E8AFE}.Release|Any CPU.ActiveCfg = Release|Any CPU
		{53A0F2A3-DEB1-4E7F-BB67-0425B27E8AFE}.Release|Any CPU.Build.0 = Release|Any CPU
		{24BBEC65-10A5-4C35-BE6B-FA345D610FBC}.Debug|Any CPU.ActiveCfg = Debug|Any CPU
		{24BBEC65-10A5-4C35-BE6B-FA345D610FBC}.Debug|Any CPU.Build.0 = Debug|Any CPU
		{24BBEC65-10A5-4C35-BE6B-FA345D610FBC}.Release|Any CPU.ActiveCfg = Release|Any CPU
		{24BBEC65-10A5-4C35-BE6B-FA345D610FBC}.Release|Any CPU.Build.0 = Release|Any CPU
		{9BCC00E7-1733-4975-8417-8354943E0F1A}.Debug|Any CPU.ActiveCfg = Debug|Any CPU
		{9BCC00E7-1733-4975-8417-8354943E0F1A}.Debug|Any CPU.Build.0 = Debug|Any CPU
		{9BCC00E7-1733-4975-8417-8354943E0F1A}.Release|Any CPU.ActiveCfg = Release|Any CPU
		{9BCC00E7-1733-4975-8417-8354943E0F1A}.Release|Any CPU.Build.0 = Release|Any CPU
		{E542F868-A8A9-4B08-95C2-F081EF7D0872}.Debug|Any CPU.ActiveCfg = Debug|Any CPU
		{E542F868-A8A9-4B08-95C2-F081EF7D0872}.Debug|Any CPU.Build.0 = Debug|Any CPU
		{E542F868-A8A9-4B08-95C2-F081EF7D0872}.Release|Any CPU.ActiveCfg = Release|Any CPU
		{E542F868-A8A9-4B08-95C2-F081EF7D0872}.Release|Any CPU.Build.0 = Release|Any CPU
		{F9942DFF-8584-4685-B4C1-60D55C2D5696}.Debug|Any CPU.ActiveCfg = Debug|Any CPU
		{F9942DFF-8584-4685-B4C1-60D55C2D5696}.Debug|Any CPU.Build.0 = Debug|Any CPU
		{F9942DFF-8584-4685-B4C1-60D55C2D5696}.Release|Any CPU.ActiveCfg = Release|Any CPU
		{F9942DFF-8584-4685-B4C1-60D55C2D5696}.Release|Any CPU.Build.0 = Release|Any CPU
	EndGlobalSection
	GlobalSection(NestedProjects) = preSolution
		{635BC69C-C648-4ACD-B807-BD9310A59EE8} = {8EDC0130-273A-42D1-BE90-91152A4A6BD9}
		{0119C35F-EF26-4B64-9C31-D0DB47A4D194} = {8EDC0130-273A-42D1-BE90-91152A4A6BD9}
		{BAB5AF56-6ED5-4181-9982-04DA65625E92} = {8EDC0130-273A-42D1-BE90-91152A4A6BD9}
		{53A0F2A3-DEB1-4E7F-BB67-0425B27E8AFE} = {8EDC0130-273A-42D1-BE90-91152A4A6BD9}
		{24BBEC65-10A5-4C35-BE6B-FA345D610FBC} = {2F00C85F-0BB7-4767-9770-834ABED89912}
		{9BCC00E7-1733-4975-8417-8354943E0F1A} = {2F00C85F-0BB7-4767-9770-834ABED89912}
		{E542F868-A8A9-4B08-95C2-F081EF7D0872} = {2F00C85F-0BB7-4767-9770-834ABED89912}
		{F9942DFF-8584-4685-B4C1-60D55C2D5696} = {2F00C85F-0BB7-4767-9770-834ABED89912}
	EndGlobalSection
EndGlobal
