
Microsoft Visual Studio Solution File, Format Version 12.00
# Visual Studio Version 16
VisualStudioVersion = 25.0.1703.4
MinimumVisualStudioVersion = 10.0.40219.1
Project("{FAE04EC0-301F-11D3-BF4B-00C04F79EFBC}") = "Conaprole.Orders.Api", "Conaprole.Orders.Api.csproj", "{A055AF8A-9A3E-4880-86FF-3D35D96547F7}"
EndProject
Global
	GlobalSection(SolutionConfigurationPlatforms) = preSolution
		Debug|Any CPU = Debug|Any CPU
		Release|Any CPU = Release|Any CPU
	EndGlobalSection
	GlobalSection(ProjectConfigurationPlatforms) = postSolution
		{A055AF8A-9A3E-4880-86FF-3D35D96547F7}.Debug|Any CPU.ActiveCfg = Debug|Any CPU
		{A055AF8A-9A3E-4880-86FF-3D35D96547F7}.Debug|Any CPU.Build.0 = Debug|Any CPU
		{A055AF8A-9A3E-4880-86FF-3D35D96547F7}.Release|Any CPU.ActiveCfg = Release|Any CPU
		{A055AF8A-9A3E-4880-86FF-3D35D96547F7}.Release|Any CPU.Build.0 = Release|Any CPU
	EndGlobalSection
	GlobalSection(SolutionProperties) = preSolution
		HideSolutionNode = FALSE
	EndGlobalSection
	GlobalSection(ExtensibilityGlobals) = postSolution
		SolutionGuid = {9260369D-C4A3-4CD3-B89C-4D783B82B100}
	EndGlobalSection
EndGlobal
